Microsoft Visual Studio Solution File, Format Version 12.00
# Visual Studio Version 17
VisualStudioVersion = 17.5.2.0
MinimumVisualStudioVersion = 10.0.40219.1
Project("{FAE04EC0-301F-11D3-BF4B-00C04F79EFBC}") = "RsaApi", "RsaApi\RsaApi.csproj", "{3D0334A8-9749-6146-8213-715DF44DAE19}"
EndProject
Global
	GlobalSection(SolutionConfigurationPlatforms) = preSolution
		Debug|Any CPU = Debug|Any CPU
		Release|Any CPU = Release|Any CPU
	EndGlobalSection
	GlobalSection(ProjectConfigurationPlatforms) = postSolution
		{3D0334A8-9749-6146-8213-715DF44DAE19}.Debug|Any CPU.ActiveCfg = Debug|Any CPU
		{3D0334A8-9749-6146-8213-715DF44DAE19}.Debug|Any CPU.Build.0 = Debug|Any CPU
		{3D0334A8-9749-6146-8213-715DF44DAE19}.Release|Any CPU.ActiveCfg = Release|Any CPU
		{3D0334A8-9749-6146-8213-715DF44DAE19}.Release|Any CPU.Build.0 = Release|Any CPU
	EndGlobalSection
	GlobalSection(SolutionProperties) = preSolution
		HideSolutionNode = FALSE
	EndGlobalSection
	GlobalSection(ExtensibilityGlobals) = postSolution
		SolutionGuid = {77AF5F68-1B9A-4EC9-84FA-5047CEBD49BA}
	EndGlobalSection
EndGlobal
